// !$*UTF8*$!
{
	archiveVersion = 1;
	classes = {
	};
	objectVersion = 56;
	objects = {

/* Begin PBXBuildFile section */
		3C2AE2CC2C8127C500373A94 /* TauaLearningApp.swift in Sources */ = {isa = PBXBuildFile; fileRef = 3C2AE2CB2C8127C500373A94 /* TauaLearningApp.swift */; };
		3C2AE2CE2C8127C500373A94 /* ContentView.swift in Sources */ = {isa = PBXBuildFile; fileRef = 3C2AE2CD2C8127C500373A94 /* ContentView.swift */; };
		3C2AE2D02C8127C600373A94 /* Assets.xcassets in Resources */ = {isa = PBXBuildFile; fileRef = 3C2AE2CF2C8127C600373A94 /* Assets.xcassets */; };
		3C2AE2D32C8127C600373A94 /* Preview Assets.xcassets in Resources */ = {isa = PBXBuildFile; fileRef = 3C2AE2D22C8127C600373A94 /* Preview Assets.xcassets */; };
		3C2AE2E02C8127D100373A94 /* WidgetKit.framework in Frameworks */ = {isa = PBXBuildFile; fileRef = 3C2AE2DF2C8127D100373A94 /* WidgetKit.framework */; };
		3C2AE2E22C8127D100373A94 /* SwiftUI.framework in Frameworks */ = {isa = PBXBuildFile; fileRef = 3C2AE2E12C8127D100373A94 /* SwiftUI.framework */; };
		3C2AE2E52C8127D100373A94 /* TauaApp_ExtensionBundle.swift in Sources */ = {isa = PBXBuildFile; fileRef = 3C2AE2E42C8127D100373A94 /* TauaApp_ExtensionBundle.swift */; };
		3C2AE2E72C8127D100373A94 /* TauaApp_Extension.swift in Sources */ = {isa = PBXBuildFile; fileRef = 3C2AE2E62C8127D100373A94 /* TauaApp_Extension.swift */; };
		3C2AE2E92C8127D100373A94 /* Assets.xcassets in Resources */ = {isa = PBXBuildFile; fileRef = 3C2AE2E82C8127D100373A94 /* Assets.xcassets */; };
		3C2AE2ED2C8127D100373A94 /* TauaApp-ExtensionExtension.appex in Embed Foundation Extensions */ = {isa = PBXBuildFile; fileRef = 3C2AE2DD2C8127D100373A94 /* TauaApp-ExtensionExtension.appex */; settings = {ATTRIBUTES = (RemoveHeadersOnCopy, ); }; };
/* End PBXBuildFile section */

/* Begin PBXContainerItemProxy section */
		3C2AE2EB2C8127D100373A94 /* PBXContainerItemProxy */ = {
			isa = PBXContainerItemProxy;
			containerPortal = 3C2AE2C02C8127C500373A94 /* Project object */;
			proxyType = 1;
			remoteGlobalIDString = 3C2AE2DC2C8127D100373A94;
			remoteInfo = "TauaApp-ExtensionExtension";
		};
/* End PBXContainerItemProxy section */

/* Begin PBXCopyFilesBuildPhase section */
		3C2AE2F12C8127D100373A94 /* Embed Foundation Extensions */ = {
			isa = PBXCopyFilesBuildPhase;
			buildActionMask = 2147483647;
			dstPath = "";
			dstSubfolderSpec = 13;
			files = (
				3C2AE2ED2C8127D100373A94 /* TauaApp-ExtensionExtension.appex in Embed Foundation Extensions */,
			);
			name = "Embed Foundation Extensions";
			runOnlyForDeploymentPostprocessing = 0;
		};
/* End PBXCopyFilesBuildPhase section */

/* Begin PBXFileReference section */
		3C2AE2C82C8127C500373A94 /* TauaLearning.app */ = {isa = PBXFileReference; explicitFileType = wrapper.application; includeInIndex = 0; path = TauaLearning.app; sourceTree = BUILT_PRODUCTS_DIR; };
		3C2AE2CB2C8127C500373A94 /* TauaLearningApp.swift */ = {isa = PBXFileReference; lastKnownFileType = sourcecode.swift; path = TauaLearningApp.swift; sourceTree = "<group>"; };
		3C2AE2CD2C8127C500373A94 /* ContentView.swift */ = {isa = PBXFileReference; lastKnownFileType = sourcecode.swift; path = ContentView.swift; sourceTree = "<group>"; };
		3C2AE2CF2C8127C600373A94 /* Assets.xcassets */ = {isa = PBXFileReference; lastKnownFileType = folder.assetcatalog; path = Assets.xcassets; sourceTree = "<group>"; };
		3C2AE2D22C8127C600373A94 /* Preview Assets.xcassets */ = {isa = PBXFileReference; lastKnownFileType = folder.assetcatalog; path = "Preview Assets.xcassets"; sourceTree = "<group>"; };
		3C2AE2DD2C8127D100373A94 /* TauaApp-ExtensionExtension.appex */ = {isa = PBXFileReference; explicitFileType = "wrapper.app-extension"; includeInIndex = 0; path = "TauaApp-ExtensionExtension.appex"; sourceTree = BUILT_PRODUCTS_DIR; };
		3C2AE2DF2C8127D100373A94 /* WidgetKit.framework */ = {isa = PBXFileReference; lastKnownFileType = wrapper.framework; name = WidgetKit.framework; path = System/Library/Frameworks/WidgetKit.framework; sourceTree = SDKROOT; };
		3C2AE2E12C8127D100373A94 /* SwiftUI.framework */ = {isa = PBXFileReference; lastKnownFileType = wrapper.framework; name = SwiftUI.framework; path = System/Library/Frameworks/SwiftUI.framework; sourceTree = SDKROOT; };
		3C2AE2E42C8127D100373A94 /* TauaApp_ExtensionBundle.swift */ = {isa = PBXFileReference; lastKnownFileType = sourcecode.swift; path = TauaApp_ExtensionBundle.swift; sourceTree = "<group>"; };
		3C2AE2E62C8127D100373A94 /* TauaApp_Extension.swift */ = {isa = PBXFileReference; lastKnownFileType = sourcecode.swift; path = TauaApp_Extension.swift; sourceTree = "<group>"; };
		3C2AE2E82C8127D100373A94 /* Assets.xcassets */ = {isa = PBXFileReference; lastKnownFileType = folder.assetcatalog; path = Assets.xcassets; sourceTree = "<group>"; };
		3C2AE2EA2C8127D100373A94 /* Info.plist */ = {isa = PBXFileReference; lastKnownFileType = text.plist.xml; path = Info.plist; sourceTree = "<group>"; };
/* End PBXFileReference section */

/* Begin PBXFrameworksBuildPhase section */
		3C2AE2C52C8127C500373A94 /* Frameworks */ = {
			isa = PBXFrameworksBuildPhase;
			buildActionMask = 2147483647;
			files = (
			);
			runOnlyForDeploymentPostprocessing = 0;
		};
		3C2AE2DA2C8127D100373A94 /* Frameworks */ = {
			isa = PBXFrameworksBuildPhase;
			buildActionMask = 2147483647;
			files = (
				3C2AE2E22C8127D100373A94 /* SwiftUI.framework in Frameworks */,
				3C2AE2E02C8127D100373A94 /* WidgetKit.framework in Frameworks */,
			);
			runOnlyForDeploymentPostprocessing = 0;
		};
/* End PBXFrameworksBuildPhase section */

/* Begin PBXGroup section */
		3C2AE2BF2C8127C500373A94 = {
			isa = PBXGroup;
			children = (
				3C2AE2CA2C8127C500373A94 /* TauaLearning */,
				3C2AE2E32C8127D100373A94 /* TauaApp-Extension */,
				3C2AE2DE2C8127D100373A94 /* Frameworks */,
				3C2AE2C92C8127C500373A94 /* Products */,
			);
			sourceTree = "<group>";
		};
		3C2AE2C92C8127C500373A94 /* Products */ = {
			isa = PBXGroup;
			children = (
				3C2AE2C82C8127C500373A94 /* TauaLearning.app */,
				3C2AE2DD2C8127D100373A94 /* TauaApp-ExtensionExtension.appex */,
			);
			name = Products;
			sourceTree = "<group>";
		};
		3C2AE2CA2C8127C500373A94 /* TauaLearning */ = {
			isa = PBXGroup;
			children = (
				3C2AE2CB2C8127C500373A94 /* TauaLearningApp.swift */,
				3C2AE2CD2C8127C500373A94 /* ContentView.swift */,
				3C2AE2CF2C8127C600373A94 /* Assets.xcassets */,
				3C2AE2D12C8127C600373A94 /* Preview Content */,
			);
			path = TauaLearning;
			sourceTree = "<group>";
		};
		3C2AE2D12C8127C600373A94 /* Preview Content */ = {
			isa = PBXGroup;
			children = (
				3C2AE2D22C8127C600373A94 /* Preview Assets.xcassets */,
			);
			path = "Preview Content";
			sourceTree = "<group>";
		};
		3C2AE2DE2C8127D100373A94 /* Frameworks */ = {
			isa = PBXGroup;
			children = (
				3C2AE2DF2C8127D100373A94 /* WidgetKit.framework */,
				3C2AE2E12C8127D100373A94 /* SwiftUI.framework */,
			);
			name = Frameworks;
			sourceTree = "<group>";
		};
		3C2AE2E32C8127D100373A94 /* TauaApp-Extension */ = {
			isa = PBXGroup;
			children = (
				3C2AE2E42C8127D100373A94 /* TauaApp_ExtensionBundle.swift */,
				3C2AE2E62C8127D100373A94 /* TauaApp_Extension.swift */,
				3C2AE2E82C8127D100373A94 /* Assets.xcassets */,
				3C2AE2EA2C8127D100373A94 /* Info.plist */,
			);
			path = "TauaApp-Extension";
			sourceTree = "<group>";
		};
/* End PBXGroup section */

/* Begin PBXNativeTarget section */
		3C2AE2C72C8127C500373A94 /* TauaLearning */ = {
			isa = PBXNativeTarget;
			buildConfigurationList = 3C2AE2D62C8127C600373A94 /* Build configuration list for PBXNativeTarget "TauaLearning" */;
			buildPhases = (
				3C2AE2C42C8127C500373A94 /* Sources */,
				3C2AE2C52C8127C500373A94 /* Frameworks */,
				3C2AE2C62C8127C500373A94 /* Resources */,
				3C2AE2F12C8127D100373A94 /* Embed Foundation Extensions */,
			);
			buildRules = (
			);
			dependencies = (
				3C2AE2EC2C8127D100373A94 /* PBXTargetDependency */,
			);
			name = TauaLearning;
			productName = TauaLearning;
			productReference = 3C2AE2C82C8127C500373A94 /* TauaLearning.app */;
			productType = "com.apple.product-type.application";
		};
		3C2AE2DC2C8127D100373A94 /* TauaApp-ExtensionExtension */ = {
			isa = PBXNativeTarget;
			buildConfigurationList = 3C2AE2EE2C8127D100373A94 /* Build configuration list for PBXNativeTarget "TauaApp-ExtensionExtension" */;
			buildPhases = (
				3C2AE2D92C8127D100373A94 /* Sources */,
				3C2AE2DA2C8127D100373A94 /* Frameworks */,
				3C2AE2DB2C8127D100373A94 /* Resources */,
			);
			buildRules = (
			);
			dependencies = (
			);
			name = "TauaApp-ExtensionExtension";
			productName = "TauaApp-ExtensionExtension";
			productReference = 3C2AE2DD2C8127D100373A94 /* TauaApp-ExtensionExtension.appex */;
			productType = "com.apple.product-type.app-extension";
		};
/* End PBXNativeTarget section */

/* Begin PBXProject section */
		3C2AE2C02C8127C500373A94 /* Project object */ = {
			isa = PBXProject;
			attributes = {
				BuildIndependentTargetsInParallel = 1;
				LastSwiftUpdateCheck = 1540;
				LastUpgradeCheck = 1540;
				TargetAttributes = {
					3C2AE2C72C8127C500373A94 = {
						CreatedOnToolsVersion = 15.4;
					};
					3C2AE2DC2C8127D100373A94 = {
						CreatedOnToolsVersion = 15.4;
					};
				};
			};
			buildConfigurationList = 3C2AE2C32C8127C500373A94 /* Build configuration list for PBXProject "TauaLearning" */;
			compatibilityVersion = "Xcode 14.0";
			developmentRegion = en;
			hasScannedForEncodings = 0;
			knownRegions = (
				en,
				Base,
			);
			mainGroup = 3C2AE2BF2C8127C500373A94;
			productRefGroup = 3C2AE2C92C8127C500373A94 /* Products */;
			projectDirPath = "";
			projectRoot = "";
			targets = (
				3C2AE2C72C8127C500373A94 /* TauaLearning */,
				3C2AE2DC2C8127D100373A94 /* TauaApp-ExtensionExtension */,
			);
		};
/* End PBXProject section */

/* Begin PBXResourcesBuildPhase section */
		3C2AE2C62C8127C500373A94 /* Resources */ = {
			isa = PBXResourcesBuildPhase;
			buildActionMask = 2147483647;
			files = (
				3C2AE2D32C8127C600373A94 /* Preview Assets.xcassets in Resources */,
				3C2AE2D02C8127C600373A94 /* Assets.xcassets in Resources */,
			);
			runOnlyForDeploymentPostprocessing = 0;
		};
		3C2AE2DB2C8127D100373A94 /* Resources */ = {
			isa = PBXResourcesBuildPhase;
			buildActionMask = 2147483647;
			files = (
				3C2AE2E92C8127D100373A94 /* Assets.xcassets in Resources */,
			);
			runOnlyForDeploymentPostprocessing = 0;
		};
/* End PBXResourcesBuildPhase section */

/* Begin PBXSourcesBuildPhase section */
		3C2AE2C42C8127C500373A94 /* Sources */ = {
			isa = PBXSourcesBuildPhase;
			buildActionMask = 2147483647;
			files = (
				3C2AE2CE2C8127C500373A94 /* ContentView.swift in Sources */,
				3C2AE2CC2C8127C500373A94 /* TauaLearningApp.swift in Sources */,
			);
			runOnlyForDeploymentPostprocessing = 0;
		};
		3C2AE2D92C8127D100373A94 /* Sources */ = {
			isa = PBXSourcesBuildPhase;
			buildActionMask = 2147483647;
			files = (
				3C2AE2E72C8127D100373A94 /* TauaApp_Extension.swift in Sources */,
				3C2AE2E52C8127D100373A94 /* TauaApp_ExtensionBundle.swift in Sources */,
			);
			runOnlyForDeploymentPostprocessing = 0;
		};
/* End PBXSourcesBuildPhase section */

/* Begin PBXTargetDependency section */
		3C2AE2EC2C8127D100373A94 /* PBXTargetDependency */ = {
			isa = PBXTargetDependency;
			target = 3C2AE2DC2C8127D100373A94 /* TauaApp-ExtensionExtension */;
			targetProxy = 3C2AE2EB2C8127D100373A94 /* PBXContainerItemProxy */;
		};
/* End PBXTargetDependency section */

/* Begin XCBuildConfiguration section */
		3C2AE2D42C8127C600373A94 /* Debug */ = {
			isa = XCBuildConfiguration;
			buildSettings = {
				ALWAYS_SEARCH_USER_PATHS = NO;
				ASSETCATALOG_COMPILER_GENERATE_SWIFT_ASSET_SYMBOL_EXTENSIONS = YES;
				CLANG_ANALYZER_NONNULL = YES;
				CLANG_ANALYZER_NUMBER_OBJECT_CONVERSION = YES_AGGRESSIVE;
				CLANG_CXX_LANGUAGE_STANDARD = "gnu++20";
				CLANG_ENABLE_MODULES = YES;
				CLANG_ENABLE_OBJC_ARC = YES;
				CLANG_ENABLE_OBJC_WEAK = YES;
				CLANG_WARN_BLOCK_CAPTURE_AUTORELEASING = YES;
				CLANG_WARN_BOOL_CONVERSION = YES;
				CLANG_WARN_COMMA = YES;
				CLANG_WARN_CONSTANT_CONVERSION = YES;
				CLANG_WARN_DEPRECATED_OBJC_IMPLEMENTATIONS = YES;
				CLANG_WARN_DIRECT_OBJC_ISA_USAGE = YES_ERROR;
				CLANG_WARN_DOCUMENTATION_COMMENTS = YES;
				CLANG_WARN_EMPTY_BODY = YES;
				CLANG_WARN_ENUM_CONVERSION = YES;
				CLANG_WARN_INFINITE_RECURSION = YES;
				CLANG_WARN_INT_CONVERSION = YES;
				CLANG_WARN_NON_LITERAL_NULL_CONVERSION = YES;
				CLANG_WARN_OBJC_IMPLICIT_RETAIN_SELF = YES;
				CLANG_WARN_OBJC_LITERAL_CONVERSION = YES;
				CLANG_WARN_OBJC_ROOT_CLASS = YES_ERROR;
				CLANG_WARN_QUOTED_INCLUDE_IN_FRAMEWORK_HEADER = YES;
				CLANG_WARN_RANGE_LOOP_ANALYSIS = YES;
				CLANG_WARN_STRICT_PROTOTYPES = YES;
				CLANG_WARN_SUSPICIOUS_MOVE = YES;
				CLANG_WARN_UNGUARDED_AVAILABILITY = YES_AGGRESSIVE;
				CLANG_WARN_UNREACHABLE_CODE = YES;
				CLANG_WARN__DUPLICATE_METHOD_MATCH = YES;
				COPY_PHASE_STRIP = NO;
				DEBUG_INFORMATION_FORMAT = dwarf;
				ENABLE_STRICT_OBJC_MSGSEND = YES;
				ENABLE_TESTABILITY = YES;
				ENABLE_USER_SCRIPT_SANDBOXING = YES;
				GCC_C_LANGUAGE_STANDARD = gnu17;
				GCC_DYNAMIC_NO_PIC = NO;
				GCC_NO_COMMON_BLOCKS = YES;
				GCC_OPTIMIZATION_LEVEL = 0;
				GCC_PREPROCESSOR_DEFINITIONS = (
					"DEBUG=1",
					"$(inherited)",
				);
				GCC_WARN_64_TO_32_BIT_CONVERSION = YES;
				GCC_WARN_ABOUT_RETURN_TYPE = YES_ERROR;
				GCC_WARN_UNDECLARED_SELECTOR = YES;
				GCC_WARN_UNINITIALIZED_AUTOS = YES_AGGRESSIVE;
				GCC_WARN_UNUSED_FUNCTION = YES;
				GCC_WARN_UNUSED_VARIABLE = YES;
				IPHONEOS_DEPLOYMENT_TARGET = 17.5;
				LOCALIZATION_PREFERS_STRING_CATALOGS = YES;
				MTL_ENABLE_DEBUG_INFO = INCLUDE_SOURCE;
				MTL_FAST_MATH = YES;
				ONLY_ACTIVE_ARCH = YES;
				SDKROOT = iphoneos;
				SWIFT_ACTIVE_COMPILATION_CONDITIONS = "DEBUG $(inherited)";
				SWIFT_OPTIMIZATION_LEVEL = "-Onone";
			};
			name = Debug;
		};
		3C2AE2D52C8127C600373A94 /* Release */ = {
			isa = XCBuildConfiguration;
			buildSettings = {
				ALWAYS_SEARCH_USER_PATHS = NO;
				ASSETCATALOG_COMPILER_GENERATE_SWIFT_ASSET_SYMBOL_EXTENSIONS = YES;
				CLANG_ANALYZER_NONNULL = YES;
				CLANG_ANALYZER_NUMBER_OBJECT_CONVERSION = YES_AGGRESSIVE;
				CLANG_CXX_LANGUAGE_STANDARD = "gnu++20";
				CLANG_ENABLE_MODULES = YES;
				CLANG_ENABLE_OBJC_ARC = YES;
				CLANG_ENABLE_OBJC_WEAK = YES;
				CLANG_WARN_BLOCK_CAPTURE_AUTORELEASING = YES;
				CLANG_WARN_BOOL_CONVERSION = YES;
				CLANG_WARN_COMMA = YES;
				CLANG_WARN_CONSTANT_CONVERSION = YES;
				CLANG_WARN_DEPRECATED_OBJC_IMPLEMENTATIONS = YES;
				CLANG_WARN_DIRECT_OBJC_ISA_USAGE = YES_ERROR;
				CLANG_WARN_DOCUMENTATION_COMMENTS = YES;
				CLANG_WARN_EMPTY_BODY = YES;
				CLANG_WARN_ENUM_CONVERSION = YES;
				CLANG_WARN_INFINITE_RECURSION = YES;
				CLANG_WARN_INT_CONVERSION = YES;
				CLANG_WARN_NON_LITERAL_NULL_CONVERSION = YES;
				CLANG_WARN_OBJC_IMPLICIT_RETAIN_SELF = YES;
				CLANG_WARN_OBJC_LITERAL_CONVERSION = YES;
				CLANG_WARN_OBJC_ROOT_CLASS = YES_ERROR;
				CLANG_WARN_QUOTED_INCLUDE_IN_FRAMEWORK_HEADER = YES;
				CLANG_WARN_RANGE_LOOP_ANALYSIS = YES;
				CLANG_WARN_STRICT_PROTOTYPES = YES;
				CLANG_WARN_SUSPICIOUS_MOVE = YES;
				CLANG_WARN_UNGUARDED_AVAILABILITY = YES_AGGRESSIVE;
				CLANG_WARN_UNREACHABLE_CODE = YES;
				CLANG_WARN__DUPLICATE_METHOD_MATCH = YES;
				COPY_PHASE_STRIP = NO;
				DEBUG_INFORMATION_FORMAT = "dwarf-with-dsym";
				ENABLE_NS_ASSERTIONS = NO;
				ENABLE_STRICT_OBJC_MSGSEND = YES;
				ENABLE_USER_SCRIPT_SANDBOXING = YES;
				GCC_C_LANGUAGE_STANDARD = gnu17;
				GCC_NO_COMMON_BLOCKS = YES;
				GCC_WARN_64_TO_32_BIT_CONVERSION = YES;
				GCC_WARN_ABOUT_RETURN_TYPE = YES_ERROR;
				GCC_WARN_UNDECLARED_SELECTOR = YES;
				GCC_WARN_UNINITIALIZED_AUTOS = YES_AGGRESSIVE;
				GCC_WARN_UNUSED_FUNCTION = YES;
				GCC_WARN_UNUSED_VARIABLE = YES;
				IPHONEOS_DEPLOYMENT_TARGET = 17.5;
				LOCALIZATION_PREFERS_STRING_CATALOGS = YES;
				MTL_ENABLE_DEBUG_INFO = NO;
				MTL_FAST_MATH = YES;
				SDKROOT = iphoneos;
				SWIFT_COMPILATION_MODE = wholemodule;
				VALIDATE_PRODUCT = YES;
			};
			name = Release;
		};
		3C2AE2D72C8127C600373A94 /* Debug */ = {
			isa = XCBuildConfiguration;
			buildSettings = {
				ALWAYS_EMBED_SWIFT_STANDARD_LIBRARIES = YES;
				ASSETCATALOG_COMPILER_APPICON_NAME = AppIcon;
				ASSETCATALOG_COMPILER_GLOBAL_ACCENT_COLOR_NAME = AccentColor;
				CODE_SIGN_STYLE = Automatic;
				CURRENT_PROJECT_VERSION = 1;
				DEVELOPMENT_ASSET_PATHS = "\"TauaLearning/Preview Content\"";
				DEVELOPMENT_TEAM = Y25NP8JU6C;
				ENABLE_PREVIEWS = YES;
				GENERATE_INFOPLIST_FILE = YES;
				INFOPLIST_KEY_UIApplicationSceneManifest_Generation = YES;
				INFOPLIST_KEY_UIApplicationSupportsIndirectInputEvents = YES;
				INFOPLIST_KEY_UILaunchScreen_Generation = YES;
				INFOPLIST_KEY_UISupportedInterfaceOrientations_iPad = "UIInterfaceOrientationPortrait UIInterfaceOrientationPortraitUpsideDown UIInterfaceOrientationLandscapeLeft UIInterfaceOrientationLandscapeRight";
				INFOPLIST_KEY_UISupportedInterfaceOrientations_iPhone = "UIInterfaceOrientationPortrait UIInterfaceOrientationLandscapeLeft UIInterfaceOrientationLandscapeRight";
				LD_RUNPATH_SEARCH_PATHS = (
					"$(inherited)",
					"@executable_path/Frameworks",
				);
				MARKETING_VERSION = 1.0;
				PRODUCT_BUNDLE_IDENTIFIER = com.joellacerda.TauaLearning;
				PRODUCT_NAME = "$(TARGET_NAME)";
				SWIFT_EMIT_LOC_STRINGS = YES;
				SWIFT_VERSION = 5.0;
				TARGETED_DEVICE_FAMILY = "1,2";
			};
			name = Debug;
		};
		3C2AE2D82C8127C600373A94 /* Release */ = {
			isa = XCBuildConfiguration;
			buildSettings = {
				ALWAYS_EMBED_SWIFT_STANDARD_LIBRARIES = YES;
				ASSETCATALOG_COMPILER_APPICON_NAME = AppIcon;
				ASSETCATALOG_COMPILER_GLOBAL_ACCENT_COLOR_NAME = AccentColor;
				CODE_SIGN_STYLE = Automatic;
				CURRENT_PROJECT_VERSION = 1;
				DEVELOPMENT_ASSET_PATHS = "\"TauaLearning/Preview Content\"";
				DEVELOPMENT_TEAM = Y25NP8JU6C;
				ENABLE_PREVIEWS = YES;
				GENERATE_INFOPLIST_FILE = YES;
				INFOPLIST_KEY_UIApplicationSceneManifest_Generation = YES;
				INFOPLIST_KEY_UIApplicationSupportsIndirectInputEvents = YES;
				INFOPLIST_KEY_UILaunchScreen_Generation = YES;
				INFOPLIST_KEY_UISupportedInterfaceOrientations_iPad = "UIInterfaceOrientationPortrait UIInterfaceOrientationPortraitUpsideDown UIInterfaceOrientationLandscapeLeft UIInterfaceOrientationLandscapeRight";
				INFOPLIST_KEY_UISupportedInterfaceOrientations_iPhone = "UIInterfaceOrientationPortrait UIInterfaceOrientationLandscapeLeft UIInterfaceOrientationLandscapeRight";
				LD_RUNPATH_SEARCH_PATHS = (
					"$(inherited)",
					"@executable_path/Frameworks",
				);
				MARKETING_VERSION = 1.0;
				PRODUCT_BUNDLE_IDENTIFIER = com.joellacerda.TauaLearning;
				PRODUCT_NAME = "$(TARGET_NAME)";
				SWIFT_EMIT_LOC_STRINGS = YES;
				SWIFT_VERSION = 5.0;
				TARGETED_DEVICE_FAMILY = "1,2";
			};
			name = Release;
		};
		3C2AE2EF2C8127D100373A94 /* Debug */ = {
			isa = XCBuildConfiguration;
			buildSettings = {
				ASSETCATALOG_COMPILER_GLOBAL_ACCENT_COLOR_NAME = AccentColor;
				ASSETCATALOG_COMPILER_WIDGET_BACKGROUND_COLOR_NAME = WidgetBackground;
				CODE_SIGN_STYLE = Automatic;
				CURRENT_PROJECT_VERSION = 1;
				DEVELOPMENT_TEAM = Y25NP8JU6C;
				GENERATE_INFOPLIST_FILE = YES;
				INFOPLIST_FILE = "TauaApp-Extension/Info.plist";
				INFOPLIST_KEY_CFBundleDisplayName = "TauaApp-Extension";
				INFOPLIST_KEY_NSHumanReadableCopyright = "";
				LD_RUNPATH_SEARCH_PATHS = (
					"$(inherited)",
					"@executable_path/Frameworks",
					"@executable_path/../../Frameworks",
				);
				MARKETING_VERSION = 1.0;
				PRODUCT_BUNDLE_IDENTIFIER = "com.joellacerda.TauaLearning.TauaApp-Extension";
				PRODUCT_NAME = "$(TARGET_NAME)";
				SKIP_INSTALL = YES;
				SWIFT_EMIT_LOC_STRINGS = YES;
				SWIFT_VERSION = 5.0;
				TARGETED_DEVICE_FAMILY = "1,2";
			};
			name = Debug;
		};
		3C2AE2F02C8127D100373A94 /* Release */ = {
			isa = XCBuildConfiguration;
			buildSettings = {
				ASSETCATALOG_COMPILER_GLOBAL_ACCENT_COLOR_NAME = AccentColor;
				ASSETCATALOG_COMPILER_WIDGET_BACKGROUND_COLOR_NAME = WidgetBackground;
				CODE_SIGN_STYLE = Automatic;
				CURRENT_PROJECT_VERSION = 1;
				DEVELOPMENT_TEAM = Y25NP8JU6C;
				GENERATE_INFOPLIST_FILE = YES;
				INFOPLIST_FILE = "TauaApp-Extension/Info.plist";
				INFOPLIST_KEY_CFBundleDisplayName = "TauaApp-Extension";
				INFOPLIST_KEY_NSHumanReadableCopyright = "";
				LD_RUNPATH_SEARCH_PATHS = (
					"$(inherited)",
					"@executable_path/Frameworks",
					"@executable_path/../../Frameworks",
				);
				MARKETING_VERSION = 1.0;
				PRODUCT_BUNDLE_IDENTIFIER = "com.joellacerda.TauaLearning.TauaApp-Extension";
				PRODUCT_NAME = "$(TARGET_NAME)";
				SKIP_INSTALL = YES;
				SWIFT_EMIT_LOC_STRINGS = YES;
				SWIFT_VERSION = 5.0;
				TARGETED_DEVICE_FAMILY = "1,2";
			};
			name = Release;
		};
/* End XCBuildConfiguration section */

/* Begin XCConfigurationList section */
		3C2AE2C32C8127C500373A94 /* Build configuration list for PBXProject "TauaLearning" */ = {
			isa = XCConfigurationList;
			buildConfigurations = (
				3C2AE2D42C8127C600373A94 /* Debug */,
				3C2AE2D52C8127C600373A94 /* Release */,
			);
			defaultConfigurationIsVisible = 0;
			defaultConfigurationName = Release;
		};
		3C2AE2D62C8127C600373A94 /* Build configuration list for PBXNativeTarget "TauaLearning" */ = {
			isa = XCConfigurationList;
			buildConfigurations = (
				3C2AE2D72C8127C600373A94 /* Debug */,
				3C2AE2D82C8127C600373A94 /* Release */,
			);
			defaultConfigurationIsVisible = 0;
			defaultConfigurationName = Release;
		};
		3C2AE2EE2C8127D100373A94 /* Build configuration list for PBXNativeTarget "TauaApp-ExtensionExtension" */ = {
			isa = XCConfigurationList;
			buildConfigurations = (
				3C2AE2EF2C8127D100373A94 /* Debug */,
				3C2AE2F02C8127D100373A94 /* Release */,
			);
			defaultConfigurationIsVisible = 0;
			defaultConfigurationName = Release;
		};
/* End XCConfigurationList section */
	};
	rootObject = 3C2AE2C02C8127C500373A94 /* Project object */;
}
